// !$*UTF8*$!
{
	archiveVersion = 1;
	classes = {
	};
	objectVersion = 46;
	objects = {

/* Begin PBXBuildFile section */
		3BD961E81D3407AE00ADAC7F /* DashboardViewController.m in Sources */ = {isa = PBXBuildFile; fileRef = 3BD961E71D3407AE00ADAC7F /* DashboardViewController.m */; };
		3BD961EB1D340CBC00ADAC7F /* ResultsViewController.m in Sources */ = {isa = PBXBuildFile; fileRef = 3BD961EA1D340CBC00ADAC7F /* ResultsViewController.m */; };
		676445E63CC4FE1C66EA9C0E /* libPods-purUITests.a in Frameworks */ = {isa = PBXBuildFile; fileRef = 8B1D7681B9F09BFFE0BE1F15 /* libPods-purUITests.a */; };
		6B25F85FAF753F711096A700 /* libPods-purTests.a in Frameworks */ = {isa = PBXBuildFile; fileRef = 2A43521F1AB9B7CE899D9AE0 /* libPods-purTests.a */; };
		7851BFA0D033492264A97A84 /* libPods-pur.a in Frameworks */ = {isa = PBXBuildFile; fileRef = DABF140E5C016B28F5667857 /* libPods-pur.a */; };
		E80268421D24315A00EB5BD5 /* main.m in Sources */ = {isa = PBXBuildFile; fileRef = E80268411D24315A00EB5BD5 /* main.m */; };
		E80268451D24315A00EB5BD5 /* AppDelegate.m in Sources */ = {isa = PBXBuildFile; fileRef = E80268441D24315A00EB5BD5 /* AppDelegate.m */; };
		E80268481D24315A00EB5BD5 /* ViewController.m in Sources */ = {isa = PBXBuildFile; fileRef = E80268471D24315A00EB5BD5 /* ViewController.m */; };
		E802684B1D24315A00EB5BD5 /* Main.storyboard in Resources */ = {isa = PBXBuildFile; fileRef = E80268491D24315A00EB5BD5 /* Main.storyboard */; };
		E802684D1D24315A00EB5BD5 /* Assets.xcassets in Resources */ = {isa = PBXBuildFile; fileRef = E802684C1D24315A00EB5BD5 /* Assets.xcassets */; };
		E80268501D24315A00EB5BD5 /* LaunchScreen.storyboard in Resources */ = {isa = PBXBuildFile; fileRef = E802684E1D24315A00EB5BD5 /* LaunchScreen.storyboard */; };
		E802685B1D24315A00EB5BD5 /* purTests.m in Sources */ = {isa = PBXBuildFile; fileRef = E802685A1D24315A00EB5BD5 /* purTests.m */; };
		E80268661D24315A00EB5BD5 /* purUITests.m in Sources */ = {isa = PBXBuildFile; fileRef = E80268651D24315A00EB5BD5 /* purUITests.m */; };
		E8E155071D399D6E00C26F18 /* DataItem.m in Sources */ = {isa = PBXBuildFile; fileRef = E8E155001D399D6E00C26F18 /* DataItem.m */; };
		E8E155081D399D6E00C26F18 /* LinearRegression.m in Sources */ = {isa = PBXBuildFile; fileRef = E8E155031D399D6E00C26F18 /* LinearRegression.m */; };
		E8E155091D399D6E00C26F18 /* README.markdown in Sources */ = {isa = PBXBuildFile; fileRef = E8E155041D399D6E00C26F18 /* README.markdown */; };
		E8E1550A1D399D6E00C26F18 /* RegressionResult.m in Sources */ = {isa = PBXBuildFile; fileRef = E8E155061D399D6E00C26F18 /* RegressionResult.m */; };
/* End PBXBuildFile section */

/* Begin PBXContainerItemProxy section */
		E80268571D24315A00EB5BD5 /* PBXContainerItemProxy */ = {
			isa = PBXContainerItemProxy;
			containerPortal = E80268351D24315A00EB5BD5 /* Project object */;
			proxyType = 1;
			remoteGlobalIDString = E802683C1D24315A00EB5BD5;
			remoteInfo = pur;
		};
		E80268621D24315A00EB5BD5 /* PBXContainerItemProxy */ = {
			isa = PBXContainerItemProxy;
			containerPortal = E80268351D24315A00EB5BD5 /* Project object */;
			proxyType = 1;
			remoteGlobalIDString = E802683C1D24315A00EB5BD5;
			remoteInfo = pur;
		};
/* End PBXContainerItemProxy section */

/* Begin PBXFileReference section */
		2A43521F1AB9B7CE899D9AE0 /* libPods-purTests.a */ = {isa = PBXFileReference; explicitFileType = archive.ar; includeInIndex = 0; path = "libPods-purTests.a"; sourceTree = BUILT_PRODUCTS_DIR; };
		3BD961E61D3407AE00ADAC7F /* DashboardViewController.h */ = {isa = PBXFileReference; fileEncoding = 4; lastKnownFileType = sourcecode.c.h; path = DashboardViewController.h; sourceTree = "<group>"; };
		3BD961E71D3407AE00ADAC7F /* DashboardViewController.m */ = {isa = PBXFileReference; fileEncoding = 4; lastKnownFileType = sourcecode.c.objc; path = DashboardViewController.m; sourceTree = "<group>"; };
		3BD961E91D340CBC00ADAC7F /* ResultsViewController.h */ = {isa = PBXFileReference; fileEncoding = 4; lastKnownFileType = sourcecode.c.h; path = ResultsViewController.h; sourceTree = "<group>"; };
		3BD961EA1D340CBC00ADAC7F /* ResultsViewController.m */ = {isa = PBXFileReference; fileEncoding = 4; lastKnownFileType = sourcecode.c.objc; path = ResultsViewController.m; sourceTree = "<group>"; };
		488D95773A0FA740609431B7 /* Pods-purTests.debug.xcconfig */ = {isa = PBXFileReference; includeInIndex = 1; lastKnownFileType = text.xcconfig; name = "Pods-purTests.debug.xcconfig"; path = "Pods/Target Support Files/Pods-purTests/Pods-purTests.debug.xcconfig"; sourceTree = "<group>"; };
		4BDD379CC08E47D8914C7DD7 /* Pods-pur.debug.xcconfig */ = {isa = PBXFileReference; includeInIndex = 1; lastKnownFileType = text.xcconfig; name = "Pods-pur.debug.xcconfig"; path = "Pods/Target Support Files/Pods-pur/Pods-pur.debug.xcconfig"; sourceTree = "<group>"; };
		596B1F4221885D533F6FDDFA /* Pods-pur.release.xcconfig */ = {isa = PBXFileReference; includeInIndex = 1; lastKnownFileType = text.xcconfig; name = "Pods-pur.release.xcconfig"; path = "Pods/Target Support Files/Pods-pur/Pods-pur.release.xcconfig"; sourceTree = "<group>"; };
		8B1D7681B9F09BFFE0BE1F15 /* libPods-purUITests.a */ = {isa = PBXFileReference; explicitFileType = archive.ar; includeInIndex = 0; path = "libPods-purUITests.a"; sourceTree = BUILT_PRODUCTS_DIR; };
		8C10DEF04E1870866C37EFF0 /* Pods-purTests.release.xcconfig */ = {isa = PBXFileReference; includeInIndex = 1; lastKnownFileType = text.xcconfig; name = "Pods-purTests.release.xcconfig"; path = "Pods/Target Support Files/Pods-purTests/Pods-purTests.release.xcconfig"; sourceTree = "<group>"; };
		ACAE460514A6B0D1AB00C458 /* Pods-purUITests.debug.xcconfig */ = {isa = PBXFileReference; includeInIndex = 1; lastKnownFileType = text.xcconfig; name = "Pods-purUITests.debug.xcconfig"; path = "Pods/Target Support Files/Pods-purUITests/Pods-purUITests.debug.xcconfig"; sourceTree = "<group>"; };
		DABF140E5C016B28F5667857 /* libPods-pur.a */ = {isa = PBXFileReference; explicitFileType = archive.ar; includeInIndex = 0; path = "libPods-pur.a"; sourceTree = BUILT_PRODUCTS_DIR; };
		DDB4E84DF27AC26D613EBF8A /* Pods-purUITests.release.xcconfig */ = {isa = PBXFileReference; includeInIndex = 1; lastKnownFileType = text.xcconfig; name = "Pods-purUITests.release.xcconfig"; path = "Pods/Target Support Files/Pods-purUITests/Pods-purUITests.release.xcconfig"; sourceTree = "<group>"; };
		E802683D1D24315A00EB5BD5 /* pur.app */ = {isa = PBXFileReference; explicitFileType = wrapper.application; includeInIndex = 0; path = pur.app; sourceTree = BUILT_PRODUCTS_DIR; };
		E80268411D24315A00EB5BD5 /* main.m */ = {isa = PBXFileReference; lastKnownFileType = sourcecode.c.objc; path = main.m; sourceTree = "<group>"; };
		E80268431D24315A00EB5BD5 /* AppDelegate.h */ = {isa = PBXFileReference; lastKnownFileType = sourcecode.c.h; path = AppDelegate.h; sourceTree = "<group>"; };
		E80268441D24315A00EB5BD5 /* AppDelegate.m */ = {isa = PBXFileReference; lastKnownFileType = sourcecode.c.objc; path = AppDelegate.m; sourceTree = "<group>"; };
		E80268461D24315A00EB5BD5 /* ViewController.h */ = {isa = PBXFileReference; lastKnownFileType = sourcecode.c.h; path = ViewController.h; sourceTree = "<group>"; };
		E80268471D24315A00EB5BD5 /* ViewController.m */ = {isa = PBXFileReference; lastKnownFileType = sourcecode.c.objc; path = ViewController.m; sourceTree = "<group>"; };
		E802684A1D24315A00EB5BD5 /* Base */ = {isa = PBXFileReference; lastKnownFileType = file.storyboard; name = Base; path = Base.lproj/Main.storyboard; sourceTree = "<group>"; };
		E802684C1D24315A00EB5BD5 /* Assets.xcassets */ = {isa = PBXFileReference; lastKnownFileType = folder.assetcatalog; path = Assets.xcassets; sourceTree = "<group>"; };
		E802684F1D24315A00EB5BD5 /* Base */ = {isa = PBXFileReference; lastKnownFileType = file.storyboard; name = Base; path = Base.lproj/LaunchScreen.storyboard; sourceTree = "<group>"; };
		E80268511D24315A00EB5BD5 /* Info.plist */ = {isa = PBXFileReference; lastKnownFileType = text.plist.xml; path = Info.plist; sourceTree = "<group>"; };
		E80268561D24315A00EB5BD5 /* purTests.xctest */ = {isa = PBXFileReference; explicitFileType = wrapper.cfbundle; includeInIndex = 0; path = purTests.xctest; sourceTree = BUILT_PRODUCTS_DIR; };
		E802685A1D24315A00EB5BD5 /* purTests.m */ = {isa = PBXFileReference; lastKnownFileType = sourcecode.c.objc; path = purTests.m; sourceTree = "<group>"; };
		E802685C1D24315A00EB5BD5 /* Info.plist */ = {isa = PBXFileReference; lastKnownFileType = text.plist.xml; path = Info.plist; sourceTree = "<group>"; };
		E80268611D24315A00EB5BD5 /* purUITests.xctest */ = {isa = PBXFileReference; explicitFileType = wrapper.cfbundle; includeInIndex = 0; path = purUITests.xctest; sourceTree = BUILT_PRODUCTS_DIR; };
		E80268651D24315A00EB5BD5 /* purUITests.m */ = {isa = PBXFileReference; lastKnownFileType = sourcecode.c.objc; path = purUITests.m; sourceTree = "<group>"; };
		E80268671D24315A00EB5BD5 /* Info.plist */ = {isa = PBXFileReference; lastKnownFileType = text.plist.xml; path = Info.plist; sourceTree = "<group>"; };
		E8E154FF1D399D6E00C26F18 /* DataItem.h */ = {isa = PBXFileReference; fileEncoding = 4; lastKnownFileType = sourcecode.c.h; name = DataItem.h; path = "../../../Desktop/LinearRegression-master/LinearRegression/DataItem.h"; sourceTree = "<group>"; };
		E8E155001D399D6E00C26F18 /* DataItem.m */ = {isa = PBXFileReference; fileEncoding = 4; lastKnownFileType = sourcecode.c.objc; name = DataItem.m; path = "../../../Desktop/LinearRegression-master/LinearRegression/DataItem.m"; sourceTree = "<group>"; };
		E8E155011D399D6E00C26F18 /* LinearRegression-Prefix.pch */ = {isa = PBXFileReference; fileEncoding = 4; lastKnownFileType = sourcecode.c.h; name = "LinearRegression-Prefix.pch"; path = "../../../Desktop/LinearRegression-master/LinearRegression/LinearRegression-Prefix.pch"; sourceTree = "<group>"; };
		E8E155021D399D6E00C26F18 /* LinearRegression.h */ = {isa = PBXFileReference; fileEncoding = 4; lastKnownFileType = sourcecode.c.h; name = LinearRegression.h; path = "../../../Desktop/LinearRegression-master/LinearRegression/LinearRegression.h"; sourceTree = "<group>"; };
		E8E155031D399D6E00C26F18 /* LinearRegression.m */ = {isa = PBXFileReference; fileEncoding = 4; lastKnownFileType = sourcecode.c.objc; name = LinearRegression.m; path = "../../../Desktop/LinearRegression-master/LinearRegression/LinearRegression.m"; sourceTree = "<group>"; };
		E8E155041D399D6E00C26F18 /* README.markdown */ = {isa = PBXFileReference; fileEncoding = 4; lastKnownFileType = net.daringfireball.markdown; name = README.markdown; path = "../../../Desktop/LinearRegression-master/LinearRegression/README.markdown"; sourceTree = "<group>"; };
		E8E155051D399D6E00C26F18 /* RegressionResult.h */ = {isa = PBXFileReference; fileEncoding = 4; lastKnownFileType = sourcecode.c.h; name = RegressionResult.h; path = "../../../Desktop/LinearRegression-master/LinearRegression/RegressionResult.h"; sourceTree = "<group>"; };
		E8E155061D399D6E00C26F18 /* RegressionResult.m */ = {isa = PBXFileReference; fileEncoding = 4; lastKnownFileType = sourcecode.c.objc; name = RegressionResult.m; path = "../../../Desktop/LinearRegression-master/LinearRegression/RegressionResult.m"; sourceTree = "<group>"; };
/* End PBXFileReference section */

/* Begin PBXFrameworksBuildPhase section */
		E802683A1D24315A00EB5BD5 /* Frameworks */ = {
			isa = PBXFrameworksBuildPhase;
			buildActionMask = 2147483647;
			files = (
				7851BFA0D033492264A97A84 /* libPods-pur.a in Frameworks */,
			);
			runOnlyForDeploymentPostprocessing = 0;
		};
		E80268531D24315A00EB5BD5 /* Frameworks */ = {
			isa = PBXFrameworksBuildPhase;
			buildActionMask = 2147483647;
			files = (
				6B25F85FAF753F711096A700 /* libPods-purTests.a in Frameworks */,
			);
			runOnlyForDeploymentPostprocessing = 0;
		};
		E802685E1D24315A00EB5BD5 /* Frameworks */ = {
			isa = PBXFrameworksBuildPhase;
			buildActionMask = 2147483647;
			files = (
				676445E63CC4FE1C66EA9C0E /* libPods-purUITests.a in Frameworks */,
			);
			runOnlyForDeploymentPostprocessing = 0;
		};
/* End PBXFrameworksBuildPhase section */

/* Begin PBXGroup section */
		090F7FC885BCDE6DEFDA5817 /* Frameworks */ = {
			isa = PBXGroup;
			children = (
				DABF140E5C016B28F5667857 /* libPods-pur.a */,
				2A43521F1AB9B7CE899D9AE0 /* libPods-purTests.a */,
				8B1D7681B9F09BFFE0BE1F15 /* libPods-purUITests.a */,
			);
			name = Frameworks;
			sourceTree = "<group>";
		};
		E80268341D24315A00EB5BD5 = {
			isa = PBXGroup;
			children = (
				E802683F1D24315A00EB5BD5 /* pur */,
				E80268591D24315A00EB5BD5 /* purTests */,
				E80268641D24315A00EB5BD5 /* purUITests */,
				E802683E1D24315A00EB5BD5 /* Products */,
				E88240A6F29275275753BE13 /* Pods */,
				090F7FC885BCDE6DEFDA5817 /* Frameworks */,
			);
			sourceTree = "<group>";
		};
		E802683E1D24315A00EB5BD5 /* Products */ = {
			isa = PBXGroup;
			children = (
				E802683D1D24315A00EB5BD5 /* pur.app */,
				E80268561D24315A00EB5BD5 /* purTests.xctest */,
				E80268611D24315A00EB5BD5 /* purUITests.xctest */,
			);
			name = Products;
			sourceTree = "<group>";
		};
		E802683F1D24315A00EB5BD5 /* pur */ = {
			isa = PBXGroup;
			children = (
				E8E154FF1D399D6E00C26F18 /* DataItem.h */,
				E8E155001D399D6E00C26F18 /* DataItem.m */,
				E8E155011D399D6E00C26F18 /* LinearRegression-Prefix.pch */,
				E8E155021D399D6E00C26F18 /* LinearRegression.h */,
				E8E155031D399D6E00C26F18 /* LinearRegression.m */,
				E8E155041D399D6E00C26F18 /* README.markdown */,
				E8E155051D399D6E00C26F18 /* RegressionResult.h */,
				E8E155061D399D6E00C26F18 /* RegressionResult.m */,
				E80268431D24315A00EB5BD5 /* AppDelegate.h */,
				E80268441D24315A00EB5BD5 /* AppDelegate.m */,
				3BD961E61D3407AE00ADAC7F /* DashboardViewController.h */,
				3BD961E71D3407AE00ADAC7F /* DashboardViewController.m */,
				E80268461D24315A00EB5BD5 /* ViewController.h */,
				E80268471D24315A00EB5BD5 /* ViewController.m */,
				E80268491D24315A00EB5BD5 /* Main.storyboard */,
				3BD961E91D340CBC00ADAC7F /* ResultsViewController.h */,
				3BD961EA1D340CBC00ADAC7F /* ResultsViewController.m */,
				E802684C1D24315A00EB5BD5 /* Assets.xcassets */,
				E802684E1D24315A00EB5BD5 /* LaunchScreen.storyboard */,
				E80268511D24315A00EB5BD5 /* Info.plist */,
				E80268401D24315A00EB5BD5 /* Supporting Files */,
			);
			path = pur;
			sourceTree = "<group>";
		};
		E80268401D24315A00EB5BD5 /* Supporting Files */ = {
			isa = PBXGroup;
			children = (
				E80268411D24315A00EB5BD5 /* main.m */,
			);
			name = "Supporting Files";
			sourceTree = "<group>";
		};
		E80268591D24315A00EB5BD5 /* purTests */ = {
			isa = PBXGroup;
			children = (
				E802685A1D24315A00EB5BD5 /* purTests.m */,
				E802685C1D24315A00EB5BD5 /* Info.plist */,
			);
			path = purTests;
			sourceTree = "<group>";
		};
		E80268641D24315A00EB5BD5 /* purUITests */ = {
			isa = PBXGroup;
			children = (
				E80268651D24315A00EB5BD5 /* purUITests.m */,
				E80268671D24315A00EB5BD5 /* Info.plist */,
			);
			path = purUITests;
			sourceTree = "<group>";
		};
		E88240A6F29275275753BE13 /* Pods */ = {
			isa = PBXGroup;
			children = (
				4BDD379CC08E47D8914C7DD7 /* Pods-pur.debug.xcconfig */,
				596B1F4221885D533F6FDDFA /* Pods-pur.release.xcconfig */,
				488D95773A0FA740609431B7 /* Pods-purTests.debug.xcconfig */,
				8C10DEF04E1870866C37EFF0 /* Pods-purTests.release.xcconfig */,
				ACAE460514A6B0D1AB00C458 /* Pods-purUITests.debug.xcconfig */,
				DDB4E84DF27AC26D613EBF8A /* Pods-purUITests.release.xcconfig */,
			);
			name = Pods;
			sourceTree = "<group>";
		};
/* End PBXGroup section */

/* Begin PBXNativeTarget section */
		E802683C1D24315A00EB5BD5 /* pur */ = {
			isa = PBXNativeTarget;
			buildConfigurationList = E802686A1D24315A00EB5BD5 /* Build configuration list for PBXNativeTarget "pur" */;
			buildPhases = (
				4EFC4EF84C8F4174E991BDF5 /* [CP] Check Pods Manifest.lock */,
				E80268391D24315A00EB5BD5 /* Sources */,
				E802683A1D24315A00EB5BD5 /* Frameworks */,
				E802683B1D24315A00EB5BD5 /* Resources */,
				DA0CA81FF07B26132979FBAB /* [CP] Embed Pods Frameworks */,
				6EE51D55C6D4BF7DA616EE0E /* [CP] Copy Pods Resources */,
			);
			buildRules = (
			);
			dependencies = (
			);
			name = pur;
			productName = pur;
			productReference = E802683D1D24315A00EB5BD5 /* pur.app */;
			productType = "com.apple.product-type.application";
		};
		E80268551D24315A00EB5BD5 /* purTests */ = {
			isa = PBXNativeTarget;
			buildConfigurationList = E802686D1D24315A00EB5BD5 /* Build configuration list for PBXNativeTarget "purTests" */;
			buildPhases = (
				F05340D6F41306A1FE628674 /* [CP] Check Pods Manifest.lock */,
				E80268521D24315A00EB5BD5 /* Sources */,
				E80268531D24315A00EB5BD5 /* Frameworks */,
				E80268541D24315A00EB5BD5 /* Resources */,
				9A4E9146EB34E368375635C6 /* [CP] Embed Pods Frameworks */,
				A47D1519564421E1A0ECCE7A /* [CP] Copy Pods Resources */,
			);
			buildRules = (
			);
			dependencies = (
				E80268581D24315A00EB5BD5 /* PBXTargetDependency */,
			);
			name = purTests;
			productName = purTests;
			productReference = E80268561D24315A00EB5BD5 /* purTests.xctest */;
			productType = "com.apple.product-type.bundle.unit-test";
		};
		E80268601D24315A00EB5BD5 /* purUITests */ = {
			isa = PBXNativeTarget;
			buildConfigurationList = E80268701D24315A00EB5BD5 /* Build configuration list for PBXNativeTarget "purUITests" */;
			buildPhases = (
				4B605C47AA3F6B862899E3B9 /* [CP] Check Pods Manifest.lock */,
				E802685D1D24315A00EB5BD5 /* Sources */,
				E802685E1D24315A00EB5BD5 /* Frameworks */,
				E802685F1D24315A00EB5BD5 /* Resources */,
				426B34F661554B6A35C1CA6A /* [CP] Copy Pods Resources */,
			);
			buildRules = (
			);
			dependencies = (
				E80268631D24315A00EB5BD5 /* PBXTargetDependency */,
			);
			name = purUITests;
			productName = purUITests;
			productReference = E80268611D24315A00EB5BD5 /* purUITests.xctest */;
			productType = "com.apple.product-type.bundle.ui-testing";
		};
/* End PBXNativeTarget section */

/* Begin PBXProject section */
		E80268351D24315A00EB5BD5 /* Project object */ = {
			isa = PBXProject;
			attributes = {
				LastUpgradeCheck = 0730;
				ORGANIZATIONNAME = justinSYDE;
				TargetAttributes = {
					E802683C1D24315A00EB5BD5 = {
						CreatedOnToolsVersion = 7.3.1;
						DevelopmentTeam = VND9P2JP45;
					};
					E80268551D24315A00EB5BD5 = {
						CreatedOnToolsVersion = 7.3.1;
						TestTargetID = E802683C1D24315A00EB5BD5;
					};
					E80268601D24315A00EB5BD5 = {
						CreatedOnToolsVersion = 7.3.1;
						TestTargetID = E802683C1D24315A00EB5BD5;
					};
				};
			};
			buildConfigurationList = E80268381D24315A00EB5BD5 /* Build configuration list for PBXProject "pur" */;
			compatibilityVersion = "Xcode 3.2";
			developmentRegion = English;
			hasScannedForEncodings = 0;
			knownRegions = (
				en,
				Base,
			);
			mainGroup = E80268341D24315A00EB5BD5;
			productRefGroup = E802683E1D24315A00EB5BD5 /* Products */;
			projectDirPath = "";
			projectRoot = "";
			targets = (
				E802683C1D24315A00EB5BD5 /* pur */,
				E80268551D24315A00EB5BD5 /* purTests */,
				E80268601D24315A00EB5BD5 /* purUITests */,
			);
		};
/* End PBXProject section */

/* Begin PBXResourcesBuildPhase section */
		E802683B1D24315A00EB5BD5 /* Resources */ = {
			isa = PBXResourcesBuildPhase;
			buildActionMask = 2147483647;
			files = (
				E80268501D24315A00EB5BD5 /* LaunchScreen.storyboard in Resources */,
				E802684D1D24315A00EB5BD5 /* Assets.xcassets in Resources */,
				E802684B1D24315A00EB5BD5 /* Main.storyboard in Resources */,
			);
			runOnlyForDeploymentPostprocessing = 0;
		};
		E80268541D24315A00EB5BD5 /* Resources */ = {
			isa = PBXResourcesBuildPhase;
			buildActionMask = 2147483647;
			files = (
			);
			runOnlyForDeploymentPostprocessing = 0;
		};
		E802685F1D24315A00EB5BD5 /* Resources */ = {
			isa = PBXResourcesBuildPhase;
			buildActionMask = 2147483647;
			files = (
			);
			runOnlyForDeploymentPostprocessing = 0;
		};
/* End PBXResourcesBuildPhase section */

/* Begin PBXShellScriptBuildPhase section */
		426B34F661554B6A35C1CA6A /* [CP] Copy Pods Resources */ = {
			isa = PBXShellScriptBuildPhase;
			buildActionMask = 2147483647;
			files = (
			);
			inputPaths = (
			);
			name = "[CP] Copy Pods Resources";
			outputPaths = (
			);
			runOnlyForDeploymentPostprocessing = 0;
			shellPath = /bin/sh;
			shellScript = "\"${SRCROOT}/Pods/Target Support Files/Pods-purUITests/Pods-purUITests-resources.sh\"\n";
			showEnvVarsInLog = 0;
		};
		4B605C47AA3F6B862899E3B9 /* [CP] Check Pods Manifest.lock */ = {
			isa = PBXShellScriptBuildPhase;
			buildActionMask = 2147483647;
			files = (
			);
			inputPaths = (
			);
			name = "[CP] Check Pods Manifest.lock";
			outputPaths = (
			);
			runOnlyForDeploymentPostprocessing = 0;
			shellPath = /bin/sh;
			shellScript = "diff \"${PODS_ROOT}/../Podfile.lock\" \"${PODS_ROOT}/Manifest.lock\" > /dev/null\nif [[ $? != 0 ]] ; then\n    cat << EOM\nerror: The sandbox is not in sync with the Podfile.lock. Run 'pod install' or update your CocoaPods installation.\nEOM\n    exit 1\nfi\n";
			showEnvVarsInLog = 0;
		};
		4EFC4EF84C8F4174E991BDF5 /* [CP] Check Pods Manifest.lock */ = {
			isa = PBXShellScriptBuildPhase;
			buildActionMask = 2147483647;
			files = (
			);
			inputPaths = (
			);
			name = "[CP] Check Pods Manifest.lock";
			outputPaths = (
			);
			runOnlyForDeploymentPostprocessing = 0;
			shellPath = /bin/sh;
			shellScript = "diff \"${PODS_ROOT}/../Podfile.lock\" \"${PODS_ROOT}/Manifest.lock\" > /dev/null\nif [[ $? != 0 ]] ; then\n    cat << EOM\nerror: The sandbox is not in sync with the Podfile.lock. Run 'pod install' or update your CocoaPods installation.\nEOM\n    exit 1\nfi\n";
			showEnvVarsInLog = 0;
		};
		6EE51D55C6D4BF7DA616EE0E /* [CP] Copy Pods Resources */ = {
			isa = PBXShellScriptBuildPhase;
			buildActionMask = 2147483647;
			files = (
			);
			inputPaths = (
			);
			name = "[CP] Copy Pods Resources";
			outputPaths = (
			);
			runOnlyForDeploymentPostprocessing = 0;
			shellPath = /bin/sh;
			shellScript = "\"${SRCROOT}/Pods/Target Support Files/Pods-pur/Pods-pur-resources.sh\"\n";
			showEnvVarsInLog = 0;
		};
		9A4E9146EB34E368375635C6 /* [CP] Embed Pods Frameworks */ = {
			isa = PBXShellScriptBuildPhase;
			buildActionMask = 2147483647;
			files = (
			);
			inputPaths = (
			);
			name = "[CP] Embed Pods Frameworks";
			outputPaths = (
			);
			runOnlyForDeploymentPostprocessing = 0;
			shellPath = /bin/sh;
			shellScript = "\"${SRCROOT}/Pods/Target Support Files/Pods-purTests/Pods-purTests-frameworks.sh\"\n";
			showEnvVarsInLog = 0;
		};
		A47D1519564421E1A0ECCE7A /* [CP] Copy Pods Resources */ = {
			isa = PBXShellScriptBuildPhase;
			buildActionMask = 2147483647;
			files = (
			);
			inputPaths = (
			);
			name = "[CP] Copy Pods Resources";
			outputPaths = (
			);
			runOnlyForDeploymentPostprocessing = 0;
			shellPath = /bin/sh;
			shellScript = "\"${SRCROOT}/Pods/Target Support Files/Pods-purTests/Pods-purTests-resources.sh\"\n";
			showEnvVarsInLog = 0;
		};
		DA0CA81FF07B26132979FBAB /* [CP] Embed Pods Frameworks */ = {
			isa = PBXShellScriptBuildPhase;
			buildActionMask = 2147483647;
			files = (
			);
			inputPaths = (
			);
			name = "[CP] Embed Pods Frameworks";
			outputPaths = (
			);
			runOnlyForDeploymentPostprocessing = 0;
			shellPath = /bin/sh;
			shellScript = "\"${SRCROOT}/Pods/Target Support Files/Pods-pur/Pods-pur-frameworks.sh\"\n";
			showEnvVarsInLog = 0;
		};
		F05340D6F41306A1FE628674 /* [CP] Check Pods Manifest.lock */ = {
			isa = PBXShellScriptBuildPhase;
			buildActionMask = 2147483647;
			files = (
			);
			inputPaths = (
			);
			name = "[CP] Check Pods Manifest.lock";
			outputPaths = (
			);
			runOnlyForDeploymentPostprocessing = 0;
			shellPath = /bin/sh;
			shellScript = "diff \"${PODS_ROOT}/../Podfile.lock\" \"${PODS_ROOT}/Manifest.lock\" > /dev/null\nif [[ $? != 0 ]] ; then\n    cat << EOM\nerror: The sandbox is not in sync with the Podfile.lock. Run 'pod install' or update your CocoaPods installation.\nEOM\n    exit 1\nfi\n";
			showEnvVarsInLog = 0;
		};
/* End PBXShellScriptBuildPhase section */

/* Begin PBXSourcesBuildPhase section */
		E80268391D24315A00EB5BD5 /* Sources */ = {
			isa = PBXSourcesBuildPhase;
			buildActionMask = 2147483647;
			files = (
				E80268481D24315A00EB5BD5 /* ViewController.m in Sources */,
				E80268451D24315A00EB5BD5 /* AppDelegate.m in Sources */,
				E8E155081D399D6E00C26F18 /* LinearRegression.m in Sources */,
				E80268421D24315A00EB5BD5 /* main.m in Sources */,
				3BD961E81D3407AE00ADAC7F /* DashboardViewController.m in Sources */,
				E8E1550A1D399D6E00C26F18 /* RegressionResult.m in Sources */,
				E8E155071D399D6E00C26F18 /* DataItem.m in Sources */,
				E8E155091D399D6E00C26F18 /* README.markdown in Sources */,
				3BD961EB1D340CBC00ADAC7F /* ResultsViewController.m in Sources */,
			);
			runOnlyForDeploymentPostprocessing = 0;
		};
		E80268521D24315A00EB5BD5 /* Sources */ = {
			isa = PBXSourcesBuildPhase;
			buildActionMask = 2147483647;
			files = (
				E802685B1D24315A00EB5BD5 /* purTests.m in Sources */,
			);
			runOnlyForDeploymentPostprocessing = 0;
		};
		E802685D1D24315A00EB5BD5 /* Sources */ = {
			isa = PBXSourcesBuildPhase;
			buildActionMask = 2147483647;
			files = (
				E80268661D24315A00EB5BD5 /* purUITests.m in Sources */,
			);
			runOnlyForDeploymentPostprocessing = 0;
		};
/* End PBXSourcesBuildPhase section */

/* Begin PBXTargetDependency section */
		E80268581D24315A00EB5BD5 /* PBXTargetDependency */ = {
			isa = PBXTargetDependency;
			target = E802683C1D24315A00EB5BD5 /* pur */;
			targetProxy = E80268571D24315A00EB5BD5 /* PBXContainerItemProxy */;
		};
		E80268631D24315A00EB5BD5 /* PBXTargetDependency */ = {
			isa = PBXTargetDependency;
			target = E802683C1D24315A00EB5BD5 /* pur */;
			targetProxy = E80268621D24315A00EB5BD5 /* PBXContainerItemProxy */;
		};
/* End PBXTargetDependency section */

/* Begin PBXVariantGroup section */
		E80268491D24315A00EB5BD5 /* Main.storyboard */ = {
			isa = PBXVariantGroup;
			children = (
				E802684A1D24315A00EB5BD5 /* Base */,
			);
			name = Main.storyboard;
			sourceTree = "<group>";
		};
		E802684E1D24315A00EB5BD5 /* LaunchScreen.storyboard */ = {
			isa = PBXVariantGroup;
			children = (
				E802684F1D24315A00EB5BD5 /* Base */,
			);
			name = LaunchScreen.storyboard;
			sourceTree = "<group>";
		};
/* End PBXVariantGroup section */

/* Begin XCBuildConfiguration section */
		E80268681D24315A00EB5BD5 /* Debug */ = {
			isa = XCBuildConfiguration;
			buildSettings = {
				ALWAYS_SEARCH_USER_PATHS = NO;
				CLANG_ANALYZER_NONNULL = YES;
				CLANG_CXX_LANGUAGE_STANDARD = "gnu++0x";
				CLANG_CXX_LIBRARY = "libc++";
				CLANG_ENABLE_MODULES = YES;
				CLANG_ENABLE_OBJC_ARC = YES;
				CLANG_WARN_BOOL_CONVERSION = YES;
				CLANG_WARN_CONSTANT_CONVERSION = YES;
				CLANG_WARN_DIRECT_OBJC_ISA_USAGE = YES_ERROR;
				CLANG_WARN_EMPTY_BODY = YES;
				CLANG_WARN_ENUM_CONVERSION = YES;
				CLANG_WARN_INT_CONVERSION = YES;
				CLANG_WARN_OBJC_ROOT_CLASS = YES_ERROR;
				CLANG_WARN_UNREACHABLE_CODE = YES;
				CLANG_WARN__DUPLICATE_METHOD_MATCH = YES;
				"CODE_SIGN_IDENTITY[sdk=iphoneos*]" = "iPhone Developer";
				COPY_PHASE_STRIP = NO;
				DEBUG_INFORMATION_FORMAT = dwarf;
				ENABLE_STRICT_OBJC_MSGSEND = YES;
				ENABLE_TESTABILITY = YES;
				GCC_C_LANGUAGE_STANDARD = gnu99;
				GCC_DYNAMIC_NO_PIC = NO;
				GCC_NO_COMMON_BLOCKS = YES;
				GCC_OPTIMIZATION_LEVEL = 0;
				GCC_PREPROCESSOR_DEFINITIONS = (
					"DEBUG=1",
					"$(inherited)",
				);
				GCC_WARN_64_TO_32_BIT_CONVERSION = YES;
				GCC_WARN_ABOUT_RETURN_TYPE = YES_ERROR;
				GCC_WARN_UNDECLARED_SELECTOR = YES;
				GCC_WARN_UNINITIALIZED_AUTOS = YES_AGGRESSIVE;
				GCC_WARN_UNUSED_FUNCTION = YES;
				GCC_WARN_UNUSED_VARIABLE = YES;
				IPHONEOS_DEPLOYMENT_TARGET = 9.3;
				MTL_ENABLE_DEBUG_INFO = YES;
				ONLY_ACTIVE_ARCH = YES;
				SDKROOT = iphoneos;
			};
			name = Debug;
		};
		E80268691D24315A00EB5BD5 /* Release */ = {
			isa = XCBuildConfiguration;
			buildSettings = {
				ALWAYS_SEARCH_USER_PATHS = NO;
				CLANG_ANALYZER_NONNULL = YES;
				CLANG_CXX_LANGUAGE_STANDARD = "gnu++0x";
				CLANG_CXX_LIBRARY = "libc++";
				CLANG_ENABLE_MODULES = YES;
				CLANG_ENABLE_OBJC_ARC = YES;
				CLANG_WARN_BOOL_CONVERSION = YES;
				CLANG_WARN_CONSTANT_CONVERSION = YES;
				CLANG_WARN_DIRECT_OBJC_ISA_USAGE = YES_ERROR;
				CLANG_WARN_EMPTY_BODY = YES;
				CLANG_WARN_ENUM_CONVERSION = YES;
				CLANG_WARN_INT_CONVERSION = YES;
				CLANG_WARN_OBJC_ROOT_CLASS = YES_ERROR;
				CLANG_WARN_UNREACHABLE_CODE = YES;
				CLANG_WARN__DUPLICATE_METHOD_MATCH = YES;
				"CODE_SIGN_IDENTITY[sdk=iphoneos*]" = "iPhone Developer";
				COPY_PHASE_STRIP = NO;
				DEBUG_INFORMATION_FORMAT = "dwarf-with-dsym";
				ENABLE_NS_ASSERTIONS = NO;
				ENABLE_STRICT_OBJC_MSGSEND = YES;
				GCC_C_LANGUAGE_STANDARD = gnu99;
				GCC_NO_COMMON_BLOCKS = YES;
				GCC_WARN_64_TO_32_BIT_CONVERSION = YES;
				GCC_WARN_ABOUT_RETURN_TYPE = YES_ERROR;
				GCC_WARN_UNDECLARED_SELECTOR = YES;
				GCC_WARN_UNINITIALIZED_AUTOS = YES_AGGRESSIVE;
				GCC_WARN_UNUSED_FUNCTION = YES;
				GCC_WARN_UNUSED_VARIABLE = YES;
				IPHONEOS_DEPLOYMENT_TARGET = 9.3;
				MTL_ENABLE_DEBUG_INFO = NO;
				SDKROOT = iphoneos;
				VALIDATE_PRODUCT = YES;
			};
			name = Release;
		};
		E802686B1D24315A00EB5BD5 /* Debug */ = {
			isa = XCBuildConfiguration;
			baseConfigurationReference = 4BDD379CC08E47D8914C7DD7 /* Pods-pur.debug.xcconfig */;
			buildSettings = {
				ASSETCATALOG_COMPILER_APPICON_NAME = AppIcon;
				CODE_SIGN_IDENTITY = "iPhone Developer";
				"CODE_SIGN_IDENTITY[sdk=iphoneos*]" = "iPhone Developer";
				INFOPLIST_FILE = pur/Info.plist;
				IPHONEOS_DEPLOYMENT_TARGET = 9.0;
				LD_RUNPATH_SEARCH_PATHS = "$(inherited) @executable_path/Frameworks";
				PRODUCT_BUNDLE_IDENTIFIER = com.justinSYDE.pur;
				PRODUCT_NAME = "$(TARGET_NAME)";
				PROVISIONING_PROFILE = "";
				TARGETED_DEVICE_FAMILY = 2;
				VALID_ARCHS = "x86_64 arm64 armv7 armv7s";
			};
			name = Debug;
		};
		E802686C1D24315A00EB5BD5 /* Release */ = {
			isa = XCBuildConfiguration;
			baseConfigurationReference = 596B1F4221885D533F6FDDFA /* Pods-pur.release.xcconfig */;
			buildSettings = {
				ASSETCATALOG_COMPILER_APPICON_NAME = AppIcon;
				CODE_SIGN_IDENTITY = "iPhone Developer";
				"CODE_SIGN_IDENTITY[sdk=iphoneos*]" = "iPhone Developer";
				INFOPLIST_FILE = pur/Info.plist;
				IPHONEOS_DEPLOYMENT_TARGET = 9.0;
				LD_RUNPATH_SEARCH_PATHS = "$(inherited) @executable_path/Frameworks";
				PRODUCT_BUNDLE_IDENTIFIER = com.justinSYDE.pur;
				PRODUCT_NAME = "$(TARGET_NAME)";
				PROVISIONING_PROFILE = "";
				TARGETED_DEVICE_FAMILY = 2;
				VALID_ARCHS = "x86_64 arm64 armv7 armv7s";
			};
			name = Release;
		};
		E802686E1D24315A00EB5BD5 /* Debug */ = {
			isa = XCBuildConfiguration;
			baseConfigurationReference = 488D95773A0FA740609431B7 /* Pods-purTests.debug.xcconfig */;
			buildSettings = {
				BUNDLE_LOADER = "$(TEST_HOST)";
				INFOPLIST_FILE = purTests/Info.plist;
				LD_RUNPATH_SEARCH_PATHS = "$(inherited) @executable_path/Frameworks @loader_path/Frameworks";
				PRODUCT_BUNDLE_IDENTIFIER = com.justinSYDE.purTests;
				PRODUCT_NAME = "$(TARGET_NAME)";
				TEST_HOST = "$(BUILT_PRODUCTS_DIR)/pur.app/pur";
			};
			name = Debug;
		};
		E802686F1D24315A00EB5BD5 /* Release */ = {
			isa = XCBuildConfiguration;
			baseConfigurationReference = 8C10DEF04E1870866C37EFF0 /* Pods-purTests.release.xcconfig */;
			buildSettings = {
				BUNDLE_LOADER = "$(TEST_HOST)";
				INFOPLIST_FILE = purTests/Info.plist;
				LD_RUNPATH_SEARCH_PATHS = "$(inherited) @executable_path/Frameworks @loader_path/Frameworks";
				PRODUCT_BUNDLE_IDENTIFIER = com.justinSYDE.purTests;
				PRODUCT_NAME = "$(TARGET_NAME)";
				TEST_HOST = "$(BUILT_PRODUCTS_DIR)/pur.app/pur";
			};
			name = Release;
		};
		E80268711D24315A00EB5BD5 /* Debug */ = {
			isa = XCBuildConfiguration;
			baseConfigurationReference = ACAE460514A6B0D1AB00C458 /* Pods-purUITests.debug.xcconfig */;
			buildSettings = {
				INFOPLIST_FILE = purUITests/Info.plist;
				LD_RUNPATH_SEARCH_PATHS = "$(inherited) @executable_path/Frameworks @loader_path/Frameworks";
				PRODUCT_BUNDLE_IDENTIFIER = com.justinSYDE.purUITests;
				PRODUCT_NAME = "$(TARGET_NAME)";
				TEST_TARGET_NAME = pur;
			};
			name = Debug;
		};
		E80268721D24315A00EB5BD5 /* Release */ = {
			isa = XCBuildConfiguration;
			baseConfigurationReference = DDB4E84DF27AC26D613EBF8A /* Pods-purUITests.release.xcconfig */;
			buildSettings = {
				INFOPLIST_FILE = purUITests/Info.plist;
				LD_RUNPATH_SEARCH_PATHS = "$(inherited) @executable_path/Frameworks @loader_path/Frameworks";
				PRODUCT_BUNDLE_IDENTIFIER = com.justinSYDE.purUITests;
				PRODUCT_NAME = "$(TARGET_NAME)";
				TEST_TARGET_NAME = pur;
			};
			name = Release;
		};
/* End XCBuildConfiguration section */

/* Begin XCConfigurationList section */
		E80268381D24315A00EB5BD5 /* Build configuration list for PBXProject "pur" */ = {
			isa = XCConfigurationList;
			buildConfigurations = (
				E80268681D24315A00EB5BD5 /* Debug */,
				E80268691D24315A00EB5BD5 /* Release */,
			);
			defaultConfigurationIsVisible = 0;
			defaultConfigurationName = Release;
		};
		E802686A1D24315A00EB5BD5 /* Build configuration list for PBXNativeTarget "pur" */ = {
			isa = XCConfigurationList;
			buildConfigurations = (
				E802686B1D24315A00EB5BD5 /* Debug */,
				E802686C1D24315A00EB5BD5 /* Release */,
			);
			defaultConfigurationIsVisible = 0;
			defaultConfigurationName = Release;
		};
		E802686D1D24315A00EB5BD5 /* Build configuration list for PBXNativeTarget "purTests" */ = {
			isa = XCConfigurationList;
			buildConfigurations = (
				E802686E1D24315A00EB5BD5 /* Debug */,
				E802686F1D24315A00EB5BD5 /* Release */,
			);
			defaultConfigurationIsVisible = 0;
			defaultConfigurationName = Release;
		};
		E80268701D24315A00EB5BD5 /* Build configuration list for PBXNativeTarget "purUITests" */ = {
			isa = XCConfigurationList;
			buildConfigurations = (
				E80268711D24315A00EB5BD5 /* Debug */,
				E80268721D24315A00EB5BD5 /* Release */,
			);
			defaultConfigurationIsVisible = 0;
			defaultConfigurationName = Release;
		};
/* End XCConfigurationList section */
	};
	rootObject = E80268351D24315A00EB5BD5 /* Project object */;
}
